
Microsoft Visual Studio Solution File, Format Version 12.00
# Visual Studio Version 17
VisualStudioVersion = 17.2.32630.192
MinimumVisualStudioVersion = 10.0.40219.1
Project("{FAE04EC0-301F-11D3-BF4B-00C04F79EFBC}") = "NewTims", "NewTims\NewTims.csproj", "{DDE2A4C6-1FE6-401D-9D47-6317A79AD733}"
EndProject
Project("{FAE04EC0-301F-11D3-BF4B-00C04F79EFBC}") = "ObjectListView2012", "..\..\ObjectListView\ObjectListView\ObjectListView2012.csproj", "{18FEDA0C-D147-4286-B39A-01204808106A}"
EndProject
Project("{FAE04EC0-301F-11D3-BF4B-00C04F79EFBC}") = "BaseControlLibrary", "..\..\BaseControlLibrary\BaseControlLibrary\BaseControlLibrary\BaseControlLibrary.csproj", "{AB23D6AB-D2CC-4EB6-91CE-F0C9196A8F0D}"
EndProject
Project("{FAE04EC0-301F-11D3-BF4B-00C04F79EFBC}") = "Library", "..\..\Library\Library\Library\Library.csproj", "{0458AAE6-6083-48FB-A246-80F3F7E84466}"
EndProject
Global
	GlobalSection(SolutionConfigurationPlatforms) = preSolution
		Debug|Any CPU = Debug|Any CPU
		Release|Any CPU = Release|Any CPU
	EndGlobalSection
	GlobalSection(ProjectConfigurationPlatforms) = postSolution
		{DDE2A4C6-1FE6-401D-9D47-6317A79AD733}.Debug|Any CPU.ActiveCfg = Debug|Any CPU
		{DDE2A4C6-1FE6-401D-9D47-6317A79AD733}.Debug|Any CPU.Build.0 = Debug|Any CPU
		{DDE2A4C6-1FE6-401D-9D47-6317A79AD733}.Release|Any CPU.ActiveCfg = Release|Any CPU
		{DDE2A4C6-1FE6-401D-9D47-6317A79AD733}.Release|Any CPU.Build.0 = Release|Any CPU
		{18FEDA0C-D147-4286-B39A-01204808106A}.Debug|Any CPU.ActiveCfg = Debug|Any CPU
		{18FEDA0C-D147-4286-B39A-01204808106A}.Debug|Any CPU.Build.0 = Debug|Any CPU
		{18FEDA0C-D147-4286-B39A-01204808106A}.Release|Any CPU.ActiveCfg = Release|Any CPU
		{18FEDA0C-D147-4286-B39A-01204808106A}.Release|Any CPU.Build.0 = Release|Any CPU
		{AB23D6AB-D2CC-4EB6-91CE-F0C9196A8F0D}.Debug|Any CPU.ActiveCfg = Debug|Any CPU
		{AB23D6AB-D2CC-4EB6-91CE-F0C9196A8F0D}.Debug|Any CPU.Build.0 = Debug|Any CPU
		{AB23D6AB-D2CC-4EB6-91CE-F0C9196A8F0D}.Release|Any CPU.ActiveCfg = Release|Any CPU
		{AB23D6AB-D2CC-4EB6-91CE-F0C9196A8F0D}.Release|Any CPU.Build.0 = Release|Any CPU
		{0458AAE6-6083-48FB-A246-80F3F7E84466}.Debug|Any CPU.ActiveCfg = Debug|Any CPU
		{0458AAE6-6083-48FB-A246-80F3F7E84466}.Debug|Any CPU.Build.0 = Debug|Any CPU
		{0458AAE6-6083-48FB-A246-80F3F7E84466}.Release|Any CPU.ActiveCfg = Release|Any CPU
		{0458AAE6-6083-48FB-A246-80F3F7E84466}.Release|Any CPU.Build.0 = Release|Any CPU
	EndGlobalSection
	GlobalSection(SolutionProperties) = preSolution
		HideSolutionNode = FALSE
	EndGlobalSection
	GlobalSection(ExtensibilityGlobals) = postSolution
		SolutionGuid = {B29B43E3-5153-49E8-BD05-44E7660540ED}
	EndGlobalSection
EndGlobal
