
Microsoft Visual Studio Solution File, Format Version 12.00
# Visual Studio Version 17
VisualStudioVersion = 17.3.32811.315
MinimumVisualStudioVersion = 10.0.40219.1
Project("{FAE04EC0-301F-11D3-BF4B-00C04F79EFBC}") = "BaseForm", "BaseForm\BaseForm.csproj", "{883A05D4-EB78-4629-822B-348E1085248F}"
EndProject
Global
	GlobalSection(SolutionConfigurationPlatforms) = preSolution
		Debug|Any CPU = Debug|Any CPU
		Release|Any CPU = Release|Any CPU
	EndGlobalSection
	GlobalSection(ProjectConfigurationPlatforms) = postSolution
		{883A05D4-EB78-4629-822B-348E1085248F}.Debug|Any CPU.ActiveCfg = Debug|Any CPU
		{883A05D4-EB78-4629-822B-348E1085248F}.Debug|Any CPU.Build.0 = Debug|Any CPU
		{883A05D4-EB78-4629-822B-348E1085248F}.Release|Any CPU.ActiveCfg = Release|Any CPU
		{883A05D4-EB78-4629-822B-348E1085248F}.Release|Any CPU.Build.0 = Release|Any CPU
	EndGlobalSection
	GlobalSection(SolutionProperties) = preSolution
		HideSolutionNode = FALSE
	EndGlobalSection
	GlobalSection(ExtensibilityGlobals) = postSolution
		SolutionGuid = {8C93E23F-C39B-4B4F-977D-FD5381F17FD4}
	EndGlobalSection
EndGlobal
